
Microsoft Visual Studio Solution File, Format Version 12.00
# Visual Studio 15
VisualStudioVersion = 15.0.27130.2010
MinimumVisualStudioVersion = 10.0.40219.1
Project("{888888A0-9F3D-457C-B088-3A5042F75D52}") = "Pybot", "Pybot\Pybot.pyproj", "{AD2B7460-4E55-47B4-9D49-343F40DB2210}"
EndProject
Global
	GlobalSection(SolutionConfigurationPlatforms) = preSolution
		Debug|Any CPU = Debug|Any CPU
		Release|Any CPU = Release|Any CPU
	EndGlobalSection
	GlobalSection(ProjectConfigurationPlatforms) = postSolution
		{AD2B7460-4E55-47B4-9D49-343F40DB2210}.Debug|Any CPU.ActiveCfg = Debug|Any CPU
		{AD2B7460-4E55-47B4-9D49-343F40DB2210}.Release|Any CPU.ActiveCfg = Release|Any CPU
	EndGlobalSection
	GlobalSection(SolutionProperties) = preSolution
		HideSolutionNode = FALSE
	EndGlobalSection
	GlobalSection(ExtensibilityGlobals) = postSolution
		SolutionGuid = {BEAB3231-1993-48DF-BE52-AEE78B645830}
	EndGlobalSection
EndGlobal
